
Microsoft Visual Studio Solution File, Format Version 12.00
# Visual Studio Version 17
VisualStudioVersion = 17.2.32616.157
MinimumVisualStudioVersion = 10.0.40219.1
Project("{FAE04EC0-301F-11D3-BF4B-00C04F79EFBC}") = "wpf_mercadinho", "wpf_mercadinho.csproj", "{A063566B-C7EA-4178-AD61-A6470725ECA7}"
EndProject
Global
	GlobalSection(SolutionConfigurationPlatforms) = preSolution
		Debug|Any CPU = Debug|Any CPU
		Release|Any CPU = Release|Any CPU
	EndGlobalSection
	GlobalSection(ProjectConfigurationPlatforms) = postSolution
		{A063566B-C7EA-4178-AD61-A6470725ECA7}.Debug|Any CPU.ActiveCfg = Debug|Any CPU
		{A063566B-C7EA-4178-AD61-A6470725ECA7}.Debug|Any CPU.Build.0 = Debug|Any CPU
		{A063566B-C7EA-4178-AD61-A6470725ECA7}.Release|Any CPU.ActiveCfg = Release|Any CPU
		{A063566B-C7EA-4178-AD61-A6470725ECA7}.Release|Any CPU.Build.0 = Release|Any CPU
	EndGlobalSection
	GlobalSection(SolutionProperties) = preSolution
		HideSolutionNode = FALSE
	EndGlobalSection
	GlobalSection(ExtensibilityGlobals) = postSolution
		SolutionGuid = {AEBFCCA1-030E-4AC4-8E32-9FADB4624F10}
	EndGlobalSection
EndGlobal
